// !$*UTF8*$!
{
	archiveVersion = 1;
	classes = {
	};
	objectVersion = 50;
	objects = {

/* Begin PBXBuildFile section */
		CC23830C23340CC200A268E5 /* SecondWinnerCustomCell.swift in Sources */ = {isa = PBXBuildFile; fileRef = CC23830A23340CC200A268E5 /* SecondWinnerCustomCell.swift */; };
		CC23830D23340CC200A268E5 /* SecondWinnerCustomCell.xib in Resources */ = {isa = PBXBuildFile; fileRef = CC23830B23340CC200A268E5 /* SecondWinnerCustomCell.xib */; };
		CCF2623B2333624D000D5AEE /* AppDelegate.swift in Sources */ = {isa = PBXBuildFile; fileRef = CCF2623A2333624D000D5AEE /* AppDelegate.swift */; };
		CCF2623D2333624D000D5AEE /* ViewController.swift in Sources */ = {isa = PBXBuildFile; fileRef = CCF2623C2333624D000D5AEE /* ViewController.swift */; };
		CCF262402333624D000D5AEE /* Steps.storyboard in Resources */ = {isa = PBXBuildFile; fileRef = CCF2623E2333624D000D5AEE /* Steps.storyboard */; };
		CCF262422333624E000D5AEE /* Assets.xcassets in Resources */ = {isa = PBXBuildFile; fileRef = CCF262412333624E000D5AEE /* Assets.xcassets */; };
		CCF262452333624E000D5AEE /* LaunchScreen.storyboard in Resources */ = {isa = PBXBuildFile; fileRef = CCF262432333624E000D5AEE /* LaunchScreen.storyboard */; };
		CCF2624D2333641B000D5AEE /* HealthKitHandler.swift in Sources */ = {isa = PBXBuildFile; fileRef = CCF2624C2333641B000D5AEE /* HealthKitHandler.swift */; };
		CCF2625123336723000D5AEE /* HealthKit.framework in Frameworks */ = {isa = PBXBuildFile; fileRef = CCF2625023336723000D5AEE /* HealthKit.framework */; };
		CCF2625323336910000D5AEE /* Date + Yesterday etc.swift in Sources */ = {isa = PBXBuildFile; fileRef = CCF2625223336910000D5AEE /* Date + Yesterday etc.swift */; };
		CCF2626123338AC8000D5AEE /* UserStepsModel.swift in Sources */ = {isa = PBXBuildFile; fileRef = CCF2626023338AC8000D5AEE /* UserStepsModel.swift */; };
		CCF26267233397FF000D5AEE /* UIImage + Rounded Frame.swift in Sources */ = {isa = PBXBuildFile; fileRef = CCF26266233397FF000D5AEE /* UIImage + Rounded Frame.swift */; };
		CCF2626C2333A9EC000D5AEE /* FirstWinnerCustomCell.swift in Sources */ = {isa = PBXBuildFile; fileRef = CCF2626A2333A9EC000D5AEE /* FirstWinnerCustomCell.swift */; };
		CCF2626D2333A9EC000D5AEE /* FirstWinnerCustomCell.xib in Resources */ = {isa = PBXBuildFile; fileRef = CCF2626B2333A9EC000D5AEE /* FirstWinnerCustomCell.xib */; };
		CCF2626F2333BA76000D5AEE /* UsersData.swift in Sources */ = {isa = PBXBuildFile; fileRef = CCF2626E2333BA76000D5AEE /* UsersData.swift */; };
		CCF262712333CA70000D5AEE /* LoginViewController.swift in Sources */ = {isa = PBXBuildFile; fileRef = CCF262702333CA70000D5AEE /* LoginViewController.swift */; };
		CCF262752333CED9000D5AEE /* UIView + Shadow.swift in Sources */ = {isa = PBXBuildFile; fileRef = CCF262742333CED9000D5AEE /* UIView + Shadow.swift */; };
/* End PBXBuildFile section */

/* Begin PBXFileReference section */
		CC23830A23340CC200A268E5 /* SecondWinnerCustomCell.swift */ = {isa = PBXFileReference; lastKnownFileType = sourcecode.swift; path = SecondWinnerCustomCell.swift; sourceTree = "<group>"; };
		CC23830B23340CC200A268E5 /* SecondWinnerCustomCell.xib */ = {isa = PBXFileReference; lastKnownFileType = file.xib; path = SecondWinnerCustomCell.xib; sourceTree = "<group>"; };
		CCF262372333624D000D5AEE /* HealthLeaderboard.app */ = {isa = PBXFileReference; explicitFileType = wrapper.application; includeInIndex = 0; path = HealthLeaderboard.app; sourceTree = BUILT_PRODUCTS_DIR; };
		CCF2623A2333624D000D5AEE /* AppDelegate.swift */ = {isa = PBXFileReference; lastKnownFileType = sourcecode.swift; path = AppDelegate.swift; sourceTree = "<group>"; };
		CCF2623C2333624D000D5AEE /* ViewController.swift */ = {isa = PBXFileReference; lastKnownFileType = sourcecode.swift; path = ViewController.swift; sourceTree = "<group>"; };
		CCF2623F2333624D000D5AEE /* Base */ = {isa = PBXFileReference; lastKnownFileType = file.storyboard; name = Base; path = Base.lproj/Steps.storyboard; sourceTree = "<group>"; };
		CCF262412333624E000D5AEE /* Assets.xcassets */ = {isa = PBXFileReference; lastKnownFileType = folder.assetcatalog; path = Assets.xcassets; sourceTree = "<group>"; };
		CCF262442333624E000D5AEE /* Base */ = {isa = PBXFileReference; lastKnownFileType = file.storyboard; name = Base; path = Base.lproj/LaunchScreen.storyboard; sourceTree = "<group>"; };
		CCF262462333624E000D5AEE /* Info.plist */ = {isa = PBXFileReference; lastKnownFileType = text.plist.xml; path = Info.plist; sourceTree = "<group>"; };
		CCF2624C2333641B000D5AEE /* HealthKitHandler.swift */ = {isa = PBXFileReference; lastKnownFileType = sourcecode.swift; path = HealthKitHandler.swift; sourceTree = "<group>"; };
		CCF2624E23336723000D5AEE /* HealthLeaderboard.entitlements */ = {isa = PBXFileReference; lastKnownFileType = text.plist.entitlements; path = HealthLeaderboard.entitlements; sourceTree = "<group>"; };
		CCF2625023336723000D5AEE /* HealthKit.framework */ = {isa = PBXFileReference; lastKnownFileType = wrapper.framework; name = HealthKit.framework; path = System/Library/Frameworks/HealthKit.framework; sourceTree = SDKROOT; };
		CCF2625223336910000D5AEE /* Date + Yesterday etc.swift */ = {isa = PBXFileReference; lastKnownFileType = sourcecode.swift; path = "Date + Yesterday etc.swift"; sourceTree = "<group>"; };
		CCF2626023338AC8000D5AEE /* UserStepsModel.swift */ = {isa = PBXFileReference; lastKnownFileType = sourcecode.swift; path = UserStepsModel.swift; sourceTree = "<group>"; };
		CCF26266233397FF000D5AEE /* UIImage + Rounded Frame.swift */ = {isa = PBXFileReference; lastKnownFileType = sourcecode.swift; path = "UIImage + Rounded Frame.swift"; sourceTree = "<group>"; };
		CCF2626A2333A9EC000D5AEE /* FirstWinnerCustomCell.swift */ = {isa = PBXFileReference; lastKnownFileType = sourcecode.swift; path = FirstWinnerCustomCell.swift; sourceTree = "<group>"; };
		CCF2626B2333A9EC000D5AEE /* FirstWinnerCustomCell.xib */ = {isa = PBXFileReference; lastKnownFileType = file.xib; path = FirstWinnerCustomCell.xib; sourceTree = "<group>"; };
		CCF2626E2333BA76000D5AEE /* UsersData.swift */ = {isa = PBXFileReference; lastKnownFileType = sourcecode.swift; path = UsersData.swift; sourceTree = "<group>"; };
		CCF262702333CA70000D5AEE /* LoginViewController.swift */ = {isa = PBXFileReference; lastKnownFileType = sourcecode.swift; path = LoginViewController.swift; sourceTree = "<group>"; };
		CCF262742333CED9000D5AEE /* UIView + Shadow.swift */ = {isa = PBXFileReference; fileEncoding = 4; lastKnownFileType = sourcecode.swift; name = "UIView + Shadow.swift"; path = "HealthLeaderboard/Extensions/UIView + Shadow.swift"; sourceTree = SOURCE_ROOT; };
/* End PBXFileReference section */

/* Begin PBXFrameworksBuildPhase section */
		CCF262342333624D000D5AEE /* Frameworks */ = {
			isa = PBXFrameworksBuildPhase;
			buildActionMask = 2147483647;
			files = (
				CCF2625123336723000D5AEE /* HealthKit.framework in Frameworks */,
			);
			runOnlyForDeploymentPostprocessing = 0;
		};
/* End PBXFrameworksBuildPhase section */

/* Begin PBXGroup section */
		CCF2622E2333624D000D5AEE = {
			isa = PBXGroup;
			children = (
				CCF262392333624D000D5AEE /* HealthLeaderboard */,
				CCF262382333624D000D5AEE /* Products */,
				CCF2624F23336723000D5AEE /* Frameworks */,
			);
			sourceTree = "<group>";
		};
		CCF262382333624D000D5AEE /* Products */ = {
			isa = PBXGroup;
			children = (
				CCF262372333624D000D5AEE /* HealthLeaderboard.app */,
			);
			name = Products;
			sourceTree = "<group>";
		};
		CCF262392333624D000D5AEE /* HealthLeaderboard */ = {
			isa = PBXGroup;
			children = (
				CCF2625F23338A49000D5AEE /* Helper */,
				CCF2625E23338A25000D5AEE /* Extensions */,
				CCF2625423338967000D5AEE /* Calories */,
				CCF2624E23336723000D5AEE /* HealthLeaderboard.entitlements */,
				CCF2623A2333624D000D5AEE /* AppDelegate.swift */,
				CCF262412333624E000D5AEE /* Assets.xcassets */,
				CCF262432333624E000D5AEE /* LaunchScreen.storyboard */,
				CCF262462333624E000D5AEE /* Info.plist */,
			);
			path = HealthLeaderboard;
			sourceTree = "<group>";
		};
		CCF2624F23336723000D5AEE /* Frameworks */ = {
			isa = PBXGroup;
			children = (
				CCF2625023336723000D5AEE /* HealthKit.framework */,
			);
			name = Frameworks;
			sourceTree = "<group>";
		};
		CCF2625423338967000D5AEE /* Calories */ = {
			isa = PBXGroup;
			children = (
				CCF2625A233389A8000D5AEE /* Model */,
				CCF2625C233389AE000D5AEE /* View */,
				CCF2625B233389AB000D5AEE /* Controller */,
			);
			path = Calories;
			sourceTree = "<group>";
		};
		CCF2625A233389A8000D5AEE /* Model */ = {
			isa = PBXGroup;
			children = (
				CCF2626023338AC8000D5AEE /* UserStepsModel.swift */,
				CCF2626E2333BA76000D5AEE /* UsersData.swift */,
			);
			path = Model;
			sourceTree = "<group>";
		};
		CCF2625B233389AB000D5AEE /* Controller */ = {
			isa = PBXGroup;
			children = (
				CCF2623C2333624D000D5AEE /* ViewController.swift */,
				CCF262702333CA70000D5AEE /* LoginViewController.swift */,
			);
			path = Controller;
			sourceTree = "<group>";
		};
		CCF2625C233389AE000D5AEE /* View */ = {
			isa = PBXGroup;
			children = (
				CCF2623E2333624D000D5AEE /* Steps.storyboard */,
				CCF2626A2333A9EC000D5AEE /* FirstWinnerCustomCell.swift */,
				CCF2626B2333A9EC000D5AEE /* FirstWinnerCustomCell.xib */,
				CC23830A23340CC200A268E5 /* SecondWinnerCustomCell.swift */,
				CC23830B23340CC200A268E5 /* SecondWinnerCustomCell.xib */,
			);
			path = View;
			sourceTree = "<group>";
		};
		CCF2625E23338A25000D5AEE /* Extensions */ = {
			isa = PBXGroup;
			children = (
				CCF2625223336910000D5AEE /* Date + Yesterday etc.swift */,
				CCF262742333CED9000D5AEE /* UIView + Shadow.swift */,
				CCF26266233397FF000D5AEE /* UIImage + Rounded Frame.swift */,
			);
			path = Extensions;
			sourceTree = "<group>";
		};
		CCF2625F23338A49000D5AEE /* Helper */ = {
			isa = PBXGroup;
			children = (
				CCF2624C2333641B000D5AEE /* HealthKitHandler.swift */,
			);
			path = Helper;
			sourceTree = "<group>";
		};
/* End PBXGroup section */

/* Begin PBXNativeTarget section */
		CCF262362333624D000D5AEE /* HealthLeaderboard */ = {
			isa = PBXNativeTarget;
			buildConfigurationList = CCF262492333624E000D5AEE /* Build configuration list for PBXNativeTarget "HealthLeaderboard" */;
			buildPhases = (
				CCF262332333624D000D5AEE /* Sources */,
				CCF262342333624D000D5AEE /* Frameworks */,
				CCF262352333624D000D5AEE /* Resources */,
			);
			buildRules = (
			);
			dependencies = (
			);
			name = HealthLeaderboard;
			productName = HealthLeaderboard;
			productReference = CCF262372333624D000D5AEE /* HealthLeaderboard.app */;
			productType = "com.apple.product-type.application";
		};
/* End PBXNativeTarget section */

/* Begin PBXProject section */
		CCF2622F2333624D000D5AEE /* Project object */ = {
			isa = PBXProject;
			attributes = {
				LastSwiftUpdateCheck = 1030;
				LastUpgradeCheck = 1030;
				ORGANIZATIONNAME = Personal;
				TargetAttributes = {
					CCF262362333624D000D5AEE = {
						CreatedOnToolsVersion = 10.3;
						SystemCapabilities = {
							com.apple.HealthKit = {
								enabled = 1;
							};
						};
					};
				};
			};
			buildConfigurationList = CCF262322333624D000D5AEE /* Build configuration list for PBXProject "HealthLeaderboard" */;
			compatibilityVersion = "Xcode 9.3";
			developmentRegion = en;
			hasScannedForEncodings = 0;
			knownRegions = (
				en,
				Base,
			);
			mainGroup = CCF2622E2333624D000D5AEE;
			productRefGroup = CCF262382333624D000D5AEE /* Products */;
			projectDirPath = "";
			projectRoot = "";
			targets = (
				CCF262362333624D000D5AEE /* HealthLeaderboard */,
			);
		};
/* End PBXProject section */

/* Begin PBXResourcesBuildPhase section */
		CCF262352333624D000D5AEE /* Resources */ = {
			isa = PBXResourcesBuildPhase;
			buildActionMask = 2147483647;
			files = (
				CCF2626D2333A9EC000D5AEE /* FirstWinnerCustomCell.xib in Resources */,
				CC23830D23340CC200A268E5 /* SecondWinnerCustomCell.xib in Resources */,
				CCF262452333624E000D5AEE /* LaunchScreen.storyboard in Resources */,
				CCF262422333624E000D5AEE /* Assets.xcassets in Resources */,
				CCF262402333624D000D5AEE /* Steps.storyboard in Resources */,
			);
			runOnlyForDeploymentPostprocessing = 0;
		};
/* End PBXResourcesBuildPhase section */

/* Begin PBXSourcesBuildPhase section */
		CCF262332333624D000D5AEE /* Sources */ = {
			isa = PBXSourcesBuildPhase;
			buildActionMask = 2147483647;
			files = (
				CCF2624D2333641B000D5AEE /* HealthKitHandler.swift in Sources */,
				CCF2623D2333624D000D5AEE /* ViewController.swift in Sources */,
				CCF2626F2333BA76000D5AEE /* UsersData.swift in Sources */,
				CCF2626123338AC8000D5AEE /* UserStepsModel.swift in Sources */,
				CCF2626C2333A9EC000D5AEE /* FirstWinnerCustomCell.swift in Sources */,
				CCF26267233397FF000D5AEE /* UIImage + Rounded Frame.swift in Sources */,
				CCF262752333CED9000D5AEE /* UIView + Shadow.swift in Sources */,
				CC23830C23340CC200A268E5 /* SecondWinnerCustomCell.swift in Sources */,
				CCF2623B2333624D000D5AEE /* AppDelegate.swift in Sources */,
				CCF262712333CA70000D5AEE /* LoginViewController.swift in Sources */,
				CCF2625323336910000D5AEE /* Date + Yesterday etc.swift in Sources */,
			);
			runOnlyForDeploymentPostprocessing = 0;
		};
/* End PBXSourcesBuildPhase section */

/* Begin PBXVariantGroup section */
		CCF2623E2333624D000D5AEE /* Steps.storyboard */ = {
			isa = PBXVariantGroup;
			children = (
				CCF2623F2333624D000D5AEE /* Base */,
			);
			name = Steps.storyboard;
			sourceTree = "<group>";
		};
		CCF262432333624E000D5AEE /* LaunchScreen.storyboard */ = {
			isa = PBXVariantGroup;
			children = (
				CCF262442333624E000D5AEE /* Base */,
			);
			name = LaunchScreen.storyboard;
			sourceTree = "<group>";
		};
/* End PBXVariantGroup section */

/* Begin XCBuildConfiguration section */
		CCF262472333624E000D5AEE /* Debug */ = {
			isa = XCBuildConfiguration;
			buildSettings = {
				ALWAYS_SEARCH_USER_PATHS = NO;
				CLANG_ANALYZER_NONNULL = YES;
				CLANG_ANALYZER_NUMBER_OBJECT_CONVERSION = YES_AGGRESSIVE;
				CLANG_CXX_LANGUAGE_STANDARD = "gnu++14";
				CLANG_CXX_LIBRARY = "libc++";
				CLANG_ENABLE_MODULES = YES;
				CLANG_ENABLE_OBJC_ARC = YES;
				CLANG_ENABLE_OBJC_WEAK = YES;
				CLANG_WARN_BLOCK_CAPTURE_AUTORELEASING = YES;
				CLANG_WARN_BOOL_CONVERSION = YES;
				CLANG_WARN_COMMA = YES;
				CLANG_WARN_CONSTANT_CONVERSION = YES;
				CLANG_WARN_DEPRECATED_OBJC_IMPLEMENTATIONS = YES;
				CLANG_WARN_DIRECT_OBJC_ISA_USAGE = YES_ERROR;
				CLANG_WARN_DOCUMENTATION_COMMENTS = YES;
				CLANG_WARN_EMPTY_BODY = YES;
				CLANG_WARN_ENUM_CONVERSION = YES;
				CLANG_WARN_INFINITE_RECURSION = YES;
				CLANG_WARN_INT_CONVERSION = YES;
				CLANG_WARN_NON_LITERAL_NULL_CONVERSION = YES;
				CLANG_WARN_OBJC_IMPLICIT_RETAIN_SELF = YES;
				CLANG_WARN_OBJC_LITERAL_CONVERSION = YES;
				CLANG_WARN_OBJC_ROOT_CLASS = YES_ERROR;
				CLANG_WARN_RANGE_LOOP_ANALYSIS = YES;
				CLANG_WARN_STRICT_PROTOTYPES = YES;
				CLANG_WARN_SUSPICIOUS_MOVE = YES;
				CLANG_WARN_UNGUARDED_AVAILABILITY = YES_AGGRESSIVE;
				CLANG_WARN_UNREACHABLE_CODE = YES;
				CLANG_WARN__DUPLICATE_METHOD_MATCH = YES;
				CODE_SIGN_IDENTITY = "iPhone Developer";
				COPY_PHASE_STRIP = NO;
				DEBUG_INFORMATION_FORMAT = dwarf;
				ENABLE_STRICT_OBJC_MSGSEND = YES;
				ENABLE_TESTABILITY = YES;
				GCC_C_LANGUAGE_STANDARD = gnu11;
				GCC_DYNAMIC_NO_PIC = NO;
				GCC_NO_COMMON_BLOCKS = YES;
				GCC_OPTIMIZATION_LEVEL = 0;
				GCC_PREPROCESSOR_DEFINITIONS = (
					"DEBUG=1",
					"$(inherited)",
				);
				GCC_WARN_64_TO_32_BIT_CONVERSION = YES;
				GCC_WARN_ABOUT_RETURN_TYPE = YES_ERROR;
				GCC_WARN_UNDECLARED_SELECTOR = YES;
				GCC_WARN_UNINITIALIZED_AUTOS = YES_AGGRESSIVE;
				GCC_WARN_UNUSED_FUNCTION = YES;
				GCC_WARN_UNUSED_VARIABLE = YES;
				IPHONEOS_DEPLOYMENT_TARGET = 12.4;
				MTL_ENABLE_DEBUG_INFO = INCLUDE_SOURCE;
				MTL_FAST_MATH = YES;
				ONLY_ACTIVE_ARCH = YES;
				SDKROOT = iphoneos;
				SWIFT_ACTIVE_COMPILATION_CONDITIONS = DEBUG;
				SWIFT_OPTIMIZATION_LEVEL = "-Onone";
			};
			name = Debug;
		};
		CCF262482333624E000D5AEE /* Release */ = {
			isa = XCBuildConfiguration;
			buildSettings = {
				ALWAYS_SEARCH_USER_PATHS = NO;
				CLANG_ANALYZER_NONNULL = YES;
				CLANG_ANALYZER_NUMBER_OBJECT_CONVERSION = YES_AGGRESSIVE;
				CLANG_CXX_LANGUAGE_STANDARD = "gnu++14";
				CLANG_CXX_LIBRARY = "libc++";
				CLANG_ENABLE_MODULES = YES;
				CLANG_ENABLE_OBJC_ARC = YES;
				CLANG_ENABLE_OBJC_WEAK = YES;
				CLANG_WARN_BLOCK_CAPTURE_AUTORELEASING = YES;
				CLANG_WARN_BOOL_CONVERSION = YES;
				CLANG_WARN_COMMA = YES;
				CLANG_WARN_CONSTANT_CONVERSION = YES;
				CLANG_WARN_DEPRECATED_OBJC_IMPLEMENTATIONS = YES;
				CLANG_WARN_DIRECT_OBJC_ISA_USAGE = YES_ERROR;
				CLANG_WARN_DOCUMENTATION_COMMENTS = YES;
				CLANG_WARN_EMPTY_BODY = YES;
				CLANG_WARN_ENUM_CONVERSION = YES;
				CLANG_WARN_INFINITE_RECURSION = YES;
				CLANG_WARN_INT_CONVERSION = YES;
				CLANG_WARN_NON_LITERAL_NULL_CONVERSION = YES;
				CLANG_WARN_OBJC_IMPLICIT_RETAIN_SELF = YES;
				CLANG_WARN_OBJC_LITERAL_CONVERSION = YES;
				CLANG_WARN_OBJC_ROOT_CLASS = YES_ERROR;
				CLANG_WARN_RANGE_LOOP_ANALYSIS = YES;
				CLANG_WARN_STRICT_PROTOTYPES = YES;
				CLANG_WARN_SUSPICIOUS_MOVE = YES;
				CLANG_WARN_UNGUARDED_AVAILABILITY = YES_AGGRESSIVE;
				CLANG_WARN_UNREACHABLE_CODE = YES;
				CLANG_WARN__DUPLICATE_METHOD_MATCH = YES;
				CODE_SIGN_IDENTITY = "iPhone Developer";
				COPY_PHASE_STRIP = NO;
				DEBUG_INFORMATION_FORMAT = "dwarf-with-dsym";
				ENABLE_NS_ASSERTIONS = NO;
				ENABLE_STRICT_OBJC_MSGSEND = YES;
				GCC_C_LANGUAGE_STANDARD = gnu11;
				GCC_NO_COMMON_BLOCKS = YES;
				GCC_WARN_64_TO_32_BIT_CONVERSION = YES;
				GCC_WARN_ABOUT_RETURN_TYPE = YES_ERROR;
				GCC_WARN_UNDECLARED_SELECTOR = YES;
				GCC_WARN_UNINITIALIZED_AUTOS = YES_AGGRESSIVE;
				GCC_WARN_UNUSED_FUNCTION = YES;
				GCC_WARN_UNUSED_VARIABLE = YES;
				IPHONEOS_DEPLOYMENT_TARGET = 12.4;
				MTL_ENABLE_DEBUG_INFO = NO;
				MTL_FAST_MATH = YES;
				SDKROOT = iphoneos;
				SWIFT_COMPILATION_MODE = wholemodule;
				SWIFT_OPTIMIZATION_LEVEL = "-O";
				VALIDATE_PRODUCT = YES;
			};
			name = Release;
		};
		CCF2624A2333624E000D5AEE /* Debug */ = {
			isa = XCBuildConfiguration;
			buildSettings = {
				ASSETCATALOG_COMPILER_APPICON_NAME = AppIcon;
				CODE_SIGN_ENTITLEMENTS = HealthLeaderboard/HealthLeaderboard.entitlements;
				CODE_SIGN_STYLE = Automatic;
				DEVELOPMENT_TEAM = C5K4FW28Q2;
				INFOPLIST_FILE = HealthLeaderboard/Info.plist;
				LD_RUNPATH_SEARCH_PATHS = (
					"$(inherited)",
					"@executable_path/Frameworks",
				);
				PRODUCT_BUNDLE_IDENTIFIER = com.VebbyC.HealthLeaderboard;
				PRODUCT_NAME = "$(TARGET_NAME)";
				SWIFT_VERSION = 5.0;
				TARGETED_DEVICE_FAMILY = "1,2";
			};
			name = Debug;
		};
		CCF2624B2333624E000D5AEE /* Release */ = {
			isa = XCBuildConfiguration;
			buildSettings = {
				ASSETCATALOG_COMPILER_APPICON_NAME = AppIcon;
				CODE_SIGN_ENTITLEMENTS = HealthLeaderboard/HealthLeaderboard.entitlements;
				CODE_SIGN_STYLE = Automatic;
				DEVELOPMENT_TEAM = C5K4FW28Q2;
				INFOPLIST_FILE = HealthLeaderboard/Info.plist;
				LD_RUNPATH_SEARCH_PATHS = (
					"$(inherited)",
					"@executable_path/Frameworks",
				);
				PRODUCT_BUNDLE_IDENTIFIER = com.VebbyC.HealthLeaderboard;
				PRODUCT_NAME = "$(TARGET_NAME)";
				SWIFT_VERSION = 5.0;
				TARGETED_DEVICE_FAMILY = "1,2";
			};
			name = Release;
		};
/* End XCBuildConfiguration section */

/* Begin XCConfigurationList section */
		CCF262322333624D000D5AEE /* Build configuration list for PBXProject "HealthLeaderboard" */ = {
			isa = XCConfigurationList;
			buildConfigurations = (
				CCF262472333624E000D5AEE /* Debug */,
				CCF262482333624E000D5AEE /* Release */,
			);
			defaultConfigurationIsVisible = 0;
			defaultConfigurationName = Release;
		};
		CCF262492333624E000D5AEE /* Build configuration list for PBXNativeTarget "HealthLeaderboard" */ = {
			isa = XCConfigurationList;
			buildConfigurations = (
				CCF2624A2333624E000D5AEE /* Debug */,
				CCF2624B2333624E000D5AEE /* Release */,
			);
			defaultConfigurationIsVisible = 0;
			defaultConfigurationName = Release;
		};
/* End XCConfigurationList section */
	};
	rootObject = CCF2622F2333624D000D5AEE /* Project object */;
}
